{
  "requires": true,
  "lockfileVersion": 1,
  "dependencies": {
    "@iconify/icons-emojione-monotone": {
      "version": "1.0.5",
      "resolved": "https://registry.npmjs.org/@iconify/icons-emojione-monotone/-/icons-emojione-monotone-1.0.5.tgz",
      "integrity": "sha512-eBD9881yHtUgdhR2rAnVPN6BtvCMQtaOFiZb1ep0gHbQ++i7vzVkVpUUBQUqqPuSHHf1kkPb2ez32pUTkcKyjw=="
    }
  }
}
