
Microsoft Visual Studio Solution File, Format Version 12.00
# Visual Studio Version 16
VisualStudioVersion = 16.0.29324.140
MinimumVisualStudioVersion = 10.0.40219.1
Project("{9A19103F-16F7-4668-BE54-9A1E7A4F7556}") = "DeepBot", "DeepBot\DeepBot.csproj", "{B900C1BD-3BF9-48F4-8D34-D81409ADC83A}"
EndProject
Project("{9A19103F-16F7-4668-BE54-9A1E7A4F7556}") = "DeepBot.Data", "DeepBot.Data\DeepBot.Data.csproj", "{C8F5B626-B996-4504-919C-1F565C4D49DF}"
EndProject
Project("{9A19103F-16F7-4668-BE54-9A1E7A4F7556}") = "DeepBot.Retro", "DeepBot.Retro\DeepBot.Retro.csproj", "{6ADF06F4-22EF-4979-9603-416B64F5D24D}"
EndProject
Project("{9A19103F-16F7-4668-BE54-9A1E7A4F7556}") = "DeepBot.CLI", "DeepBot.CLI\DeepBot.CLI.csproj", "{73664377-85DA-4A06-AADE-25EECCA7934E}"
EndProject
Global
	GlobalSection(SolutionConfigurationPlatforms) = preSolution
		Debug|Any CPU = Debug|Any CPU
		Debug|x86 = Debug|x86
		Release|Any CPU = Release|Any CPU
		Release|x86 = Release|x86
	EndGlobalSection
	GlobalSection(ProjectConfigurationPlatforms) = postSolution
		{B900C1BD-3BF9-48F4-8D34-D81409ADC83A}.Debug|Any CPU.ActiveCfg = Debug|Any CPU
		{B900C1BD-3BF9-48F4-8D34-D81409ADC83A}.Debug|Any CPU.Build.0 = Debug|Any CPU
		{B900C1BD-3BF9-48F4-8D34-D81409ADC83A}.Debug|x86.ActiveCfg = Debug|x86
		{B900C1BD-3BF9-48F4-8D34-D81409ADC83A}.Debug|x86.Build.0 = Debug|x86
		{B900C1BD-3BF9-48F4-8D34-D81409ADC83A}.Release|Any CPU.ActiveCfg = Release|Any CPU
		{B900C1BD-3BF9-48F4-8D34-D81409ADC83A}.Release|Any CPU.Build.0 = Release|Any CPU
		{B900C1BD-3BF9-48F4-8D34-D81409ADC83A}.Release|x86.ActiveCfg = Release|x86
		{B900C1BD-3BF9-48F4-8D34-D81409ADC83A}.Release|x86.Build.0 = Release|x86
		{C8F5B626-B996-4504-919C-1F565C4D49DF}.Debug|Any CPU.ActiveCfg = Debug|Any CPU
		{C8F5B626-B996-4504-919C-1F565C4D49DF}.Debug|Any CPU.Build.0 = Debug|Any CPU
		{C8F5B626-B996-4504-919C-1F565C4D49DF}.Debug|x86.ActiveCfg = Debug|x86
		{C8F5B626-B996-4504-919C-1F565C4D49DF}.Debug|x86.Build.0 = Debug|x86
		{C8F5B626-B996-4504-919C-1F565C4D49DF}.Release|Any CPU.ActiveCfg = Release|Any CPU
		{C8F5B626-B996-4504-919C-1F565C4D49DF}.Release|Any CPU.Build.0 = Release|Any CPU
		{C8F5B626-B996-4504-919C-1F565C4D49DF}.Release|x86.ActiveCfg = Release|x86
		{C8F5B626-B996-4504-919C-1F565C4D49DF}.Release|x86.Build.0 = Release|x86
		{6ADF06F4-22EF-4979-9603-416B64F5D24D}.Debug|Any CPU.ActiveCfg = Debug|Any CPU
		{6ADF06F4-22EF-4979-9603-416B64F5D24D}.Debug|Any CPU.Build.0 = Debug|Any CPU
		{6ADF06F4-22EF-4979-9603-416B64F5D24D}.Debug|x86.ActiveCfg = Debug|x86
		{6ADF06F4-22EF-4979-9603-416B64F5D24D}.Debug|x86.Build.0 = Debug|x86
		{6ADF06F4-22EF-4979-9603-416B64F5D24D}.Release|Any CPU.ActiveCfg = Release|Any CPU
		{6ADF06F4-22EF-4979-9603-416B64F5D24D}.Release|Any CPU.Build.0 = Release|Any CPU
		{6ADF06F4-22EF-4979-9603-416B64F5D24D}.Release|x86.ActiveCfg = Release|x86
		{6ADF06F4-22EF-4979-9603-416B64F5D24D}.Release|x86.Build.0 = Release|x86
		{73664377-85DA-4A06-AADE-25EECCA7934E}.Debug|Any CPU.ActiveCfg = Debug|Any CPU
		{73664377-85DA-4A06-AADE-25EECCA7934E}.Debug|Any CPU.Build.0 = Debug|Any CPU
		{73664377-85DA-4A06-AADE-25EECCA7934E}.Debug|x86.ActiveCfg = Debug|x86
		{73664377-85DA-4A06-AADE-25EECCA7934E}.Debug|x86.Build.0 = Debug|x86
		{73664377-85DA-4A06-AADE-25EECCA7934E}.Release|Any CPU.ActiveCfg = Release|Any CPU
		{73664377-85DA-4A06-AADE-25EECCA7934E}.Release|Any CPU.Build.0 = Release|Any CPU
		{73664377-85DA-4A06-AADE-25EECCA7934E}.Release|x86.ActiveCfg = Release|x86
		{73664377-85DA-4A06-AADE-25EECCA7934E}.Release|x86.Build.0 = Release|x86
	EndGlobalSection
	GlobalSection(SolutionProperties) = preSolution
		HideSolutionNode = FALSE
	EndGlobalSection
	GlobalSection(ExtensibilityGlobals) = postSolution
		SolutionGuid = {CACCCE9B-9679-4D82-A42A-47154005083E}
	EndGlobalSection
EndGlobal
